name: cva6
channels:
  - conda-forge
  - defaults
dependencies:
  - _libgcc_mutex=0.1=conda_forge
  - _openmp_mutex=4.5=2_gnu
  - bzip2=1.0.8=hda65f42_8
  - ca-certificates=2025.11.4=h06a4308_0
  - ld_impl_linux-64=2.44=h1aa0949_4
  - libexpat=2.7.1=hecca717_0
  - libffi=3.5.2=h9ec8514_0
  - libgcc=15.2.0=h767d61c_7
  - libgcc-ng=15.2.0=h69a702a_7
  - libgomp=15.2.0=h767d61c_7
  - liblzma=5.8.1=hb9d3cd8_2
  - libnsl=2.0.1=hb9d3cd8_1
  - libsqlite=3.51.0=h0c1763c_0
  - libstdcxx=15.2.0=h8f9b012_7
  - libuuid=2.41.2=he9a06e4_0
  - libxcrypt=4.4.36=hd590300_1
  - libzlib=1.3.1=hb9d3cd8_2
  - ncurses=6.5=h2d0b736_3
  - openssl=3.5.4=h26f9b46_0
  - pip=25.2=pyhc872135_1
  - python=3.11.14=hd63d673_2_cpython
  - readline=8.2=h8c095d6_2
  - setuptools=80.9.0=pyhff2d567_0
  - tk=8.6.13=noxft_hd72426e_102
  - wheel=0.45.1=pyhd8ed1ab_1
  - zstd=1.5.7=hb8e6e7a_2
  - pip:
      - alabaster==1.0.0
      - attrs==25.4.0
      - babel==2.17.0
      - bitarray==3.8.0
      - bitstring==4.3.1
      - certifi==2025.10.5
      - charset-normalizer==3.4.4
      - docutils==0.21.2
      - flake8==7.3.0
      - idna==3.11
      - imagesize==1.4.1
      - importlib-metadata==8.7.0
      - inflection==0.5.1
      - jinja2==3.1.6
      - jsonschema==4.25.1
      - jsonschema-specifications==2025.9.1
      - lxml==6.0.2
      - markdown==3.10
      - markupsafe==3.0.3
      - mccabe==0.7.0
      - numpy==2.3.4
      - packaging==24.2
      - pallets-sphinx-themes==2.3.0
      - pandas==2.3.3
      - pillow==12.0.0
      - pyboolector==3.2.4.20240823.1
      - pycodestyle==2.14.0
      - pyflakes==3.4.0
      - pygments==2.19.2
      - python-dateutil==2.9.0.post0
      - python-jsonschema-objects==0.5.7
      - pytz==2025.2
      - pyucis==0.1.4.18685268604
      - pyvsc==0.9.4.17961244602
      - pyyaml==6.0.3
      - referencing==0.37.0
      - reportlab==4.4.4
      - requests==2.32.5
      - roman-numerals-py==3.1.0
      - rpds-py==0.28.0
      - rst2pdf==0.103.1
      - six==1.17.0
      - smartypants==2.0.2
      - snowballstemmer==3.0.1
      - sphinx==8.2.3
      - sphinx-issues==5.0.1
      - sphinx-notfound-page==1.1.0
      - sphinx-rtd-theme==3.0.2
      - sphinxcontrib-applehelp==2.0.0
      - sphinxcontrib-devhelp==2.0.0
      - sphinxcontrib-htmlhelp==2.1.0
      - sphinxcontrib-jquery==4.1
      - sphinxcontrib-jsmath==1.0.1
      - sphinxcontrib-log-cabinet==1.0.1
      - sphinxcontrib-qthelp==2.0.0
      - sphinxcontrib-serializinghtml==2.0.0
      - tabulate==0.9.0
      - toposort==1.10
      - typing-extensions==4.15.0
      - tzdata==2025.2
      - urllib3==2.5.0
      - zipp==3.23.0
prefix: /home/alessandra.dolmeta/.conda/envs/cva6
